dependencies:
  espressif/mdns:
    component_hash: 29e47564b1a7ee778135e17fbbf2a2773f71c97ebabfe626c8eda7c958a7ad16
    dependencies:
    - name: idf
      require: private
      version: '>=5.0'
    source:
      registry_url: https://components.espressif.com/
      type: service
    version: 1.9.1
  idf:
    source:
      type: idf
    version: 5.2.6
direct_dependencies:
- espressif/mdns
manifest_hash: 691773697eff8f0690176c23179761f5ef911d35856c03ac962fb4e71f0701e1
target: esp32s3
version: 2.0.0
